
Microsoft Visual Studio Solution File, Format Version 12.00
# Visual Studio Version 17
VisualStudioVersion = 17.8.34408.163
MinimumVisualStudioVersion = 10.0.40219.1
Project("{9A19103F-16F7-4668-BE54-9A1E7A4F7556}") = "Orderly", "Orderly\Orderly.csproj", "{21EAE84D-F103-4F08-AC61-20E27CBC94B5}"
EndProject
Project("{9A19103F-16F7-4668-BE54-9A1E7A4F7556}") = "Orderly.Database", "Orderly.Database\Orderly.Database.csproj", "{7AEFC0A9-C187-407F-BE09-ECB3D7B37AB6}"
EndProject
Project("{FAE04EC0-301F-11D3-BF4B-00C04F79EFBC}") = "Orderly.Dog", "Orderly.Dog\Orderly.Dog.csproj", "{9916F1B2-1F49-414B-9937-D086A0BB7EA6}"
EndProject
Global
	GlobalSection(SolutionConfigurationPlatforms) = preSolution
		Debug|Any CPU = Debug|Any CPU
		Release|Any CPU = Release|Any CPU
	EndGlobalSection
	GlobalSection(ProjectConfigurationPlatforms) = postSolution
		{21EAE84D-F103-4F08-AC61-20E27CBC94B5}.Debug|Any CPU.ActiveCfg = Debug|Any CPU
		{21EAE84D-F103-4F08-AC61-20E27CBC94B5}.Debug|Any CPU.Build.0 = Debug|Any CPU
		{21EAE84D-F103-4F08-AC61-20E27CBC94B5}.Release|Any CPU.ActiveCfg = Release|Any CPU
		{21EAE84D-F103-4F08-AC61-20E27CBC94B5}.Release|Any CPU.Build.0 = Release|Any CPU
		{7AEFC0A9-C187-407F-BE09-ECB3D7B37AB6}.Debug|Any CPU.ActiveCfg = Debug|Any CPU
		{7AEFC0A9-C187-407F-BE09-ECB3D7B37AB6}.Debug|Any CPU.Build.0 = Debug|Any CPU
		{7AEFC0A9-C187-407F-BE09-ECB3D7B37AB6}.Release|Any CPU.ActiveCfg = Release|Any CPU
		{7AEFC0A9-C187-407F-BE09-ECB3D7B37AB6}.Release|Any CPU.Build.0 = Release|Any CPU
		{9916F1B2-1F49-414B-9937-D086A0BB7EA6}.Debug|Any CPU.ActiveCfg = Debug|Any CPU
		{9916F1B2-1F49-414B-9937-D086A0BB7EA6}.Debug|Any CPU.Build.0 = Debug|Any CPU
		{9916F1B2-1F49-414B-9937-D086A0BB7EA6}.Release|Any CPU.ActiveCfg = Release|Any CPU
		{9916F1B2-1F49-414B-9937-D086A0BB7EA6}.Release|Any CPU.Build.0 = Release|Any CPU
	EndGlobalSection
	GlobalSection(SolutionProperties) = preSolution
		HideSolutionNode = FALSE
	EndGlobalSection
	GlobalSection(ExtensibilityGlobals) = postSolution
		SolutionGuid = {FFA00F1C-CC3C-4222-9246-1BE6FB35AE19}
	EndGlobalSection
EndGlobal
